
Microsoft Visual Studio Solution File, Format Version 12.00
# Visual Studio Version 17
VisualStudioVersion = 17.5.002.0
MinimumVisualStudioVersion = 10.0.40219.1
Project("{9A19103F-16F7-4668-BE54-9A1E7A4F7556}") = "string_array", "string_array\string_array.csproj", "{B2785F00-999B-4590-93CD-723120760BBC}"
EndProject
Global
	GlobalSection(SolutionConfigurationPlatforms) = preSolution
		Debug|Any CPU = Debug|Any CPU
		Release|Any CPU = Release|Any CPU
	EndGlobalSection
	GlobalSection(ProjectConfigurationPlatforms) = postSolution
		{B2785F00-999B-4590-93CD-723120760BBC}.Debug|Any CPU.ActiveCfg = Debug|Any CPU
		{B2785F00-999B-4590-93CD-723120760BBC}.Debug|Any CPU.Build.0 = Debug|Any CPU
		{B2785F00-999B-4590-93CD-723120760BBC}.Release|Any CPU.ActiveCfg = Release|Any CPU
		{B2785F00-999B-4590-93CD-723120760BBC}.Release|Any CPU.Build.0 = Release|Any CPU
	EndGlobalSection
	GlobalSection(SolutionProperties) = preSolution
		HideSolutionNode = FALSE
	EndGlobalSection
	GlobalSection(ExtensibilityGlobals) = postSolution
		SolutionGuid = {A484A287-729E-4F84-B519-64A4653A5D9E}
	EndGlobalSection
EndGlobal
